
Microsoft Visual Studio Solution File, Format Version 12.00
# Visual Studio Version 16
VisualStudioVersion = 16.0.32802.440
MinimumVisualStudioVersion = 10.0.40219.1
Project("{FAE04EC0-301F-11D3-BF4B-00C04F79EFBC}") = "BasketStoreTelegramBot", "BasketStoreTelegramBot.csproj", "{E81DEA54-88A1-47D7-B58F-1B082A3C53B7}"
EndProject
Global
	GlobalSection(SolutionConfigurationPlatforms) = preSolution
		Debug|Any CPU = Debug|Any CPU
		Release|Any CPU = Release|Any CPU
	EndGlobalSection
	GlobalSection(ProjectConfigurationPlatforms) = postSolution
		{E81DEA54-88A1-47D7-B58F-1B082A3C53B7}.Debug|Any CPU.ActiveCfg = Debug|Any CPU
		{E81DEA54-88A1-47D7-B58F-1B082A3C53B7}.Debug|Any CPU.Build.0 = Debug|Any CPU
		{E81DEA54-88A1-47D7-B58F-1B082A3C53B7}.Release|Any CPU.ActiveCfg = Release|Any CPU
		{E81DEA54-88A1-47D7-B58F-1B082A3C53B7}.Release|Any CPU.Build.0 = Release|Any CPU
	EndGlobalSection
	GlobalSection(SolutionProperties) = preSolution
		HideSolutionNode = FALSE
	EndGlobalSection
	GlobalSection(ExtensibilityGlobals) = postSolution
		SolutionGuid = {03571B11-46B2-49DC-8EBD-BD77ACEC465E}
	EndGlobalSection
EndGlobal
